
Microsoft Visual Studio Solution File, Format Version 12.00
# Visual Studio Version 16
VisualStudioVersion = 16.0.32106.194
MinimumVisualStudioVersion = 10.0.40219.1
Project("{FAE04EC0-301F-11D3-BF4B-00C04F79EFBC}") = "Tutorial4", "Tutorial4\Tutorial4.csproj", "{E998EBB2-3C1D-473D-A059-0FB32BD17D2E}"
EndProject
Global
	GlobalSection(SolutionConfigurationPlatforms) = preSolution
		Debug|Any CPU = Debug|Any CPU
		Release|Any CPU = Release|Any CPU
	EndGlobalSection
	GlobalSection(ProjectConfigurationPlatforms) = postSolution
		{E998EBB2-3C1D-473D-A059-0FB32BD17D2E}.Debug|Any CPU.ActiveCfg = Debug|Any CPU
		{E998EBB2-3C1D-473D-A059-0FB32BD17D2E}.Debug|Any CPU.Build.0 = Debug|Any CPU
		{E998EBB2-3C1D-473D-A059-0FB32BD17D2E}.Release|Any CPU.ActiveCfg = Release|Any CPU
		{E998EBB2-3C1D-473D-A059-0FB32BD17D2E}.Release|Any CPU.Build.0 = Release|Any CPU
	EndGlobalSection
	GlobalSection(SolutionProperties) = preSolution
		HideSolutionNode = FALSE
	EndGlobalSection
	GlobalSection(ExtensibilityGlobals) = postSolution
		SolutionGuid = {292A0693-7FFA-43B2-A172-45BA455FA9D3}
	EndGlobalSection
EndGlobal
