
Microsoft Visual Studio Solution File, Format Version 12.00
# Visual Studio Version 16
VisualStudioVersion = 16.0.32106.194
MinimumVisualStudioVersion = 10.0.40219.1
Project("{FAE04EC0-301F-11D3-BF4B-00C04F79EFBC}") = "Tutorial1.2", "Tutorial1.2.csproj", "{BF1CE682-0F26-42D1-B33A-6E2D8EA3CC22}"
EndProject
Global
	GlobalSection(SolutionConfigurationPlatforms) = preSolution
		Debug|Any CPU = Debug|Any CPU
		Release|Any CPU = Release|Any CPU
	EndGlobalSection
	GlobalSection(ProjectConfigurationPlatforms) = postSolution
		{BF1CE682-0F26-42D1-B33A-6E2D8EA3CC22}.Debug|Any CPU.ActiveCfg = Debug|Any CPU
		{BF1CE682-0F26-42D1-B33A-6E2D8EA3CC22}.Debug|Any CPU.Build.0 = Debug|Any CPU
		{BF1CE682-0F26-42D1-B33A-6E2D8EA3CC22}.Release|Any CPU.ActiveCfg = Release|Any CPU
		{BF1CE682-0F26-42D1-B33A-6E2D8EA3CC22}.Release|Any CPU.Build.0 = Release|Any CPU
	EndGlobalSection
	GlobalSection(SolutionProperties) = preSolution
		HideSolutionNode = FALSE
	EndGlobalSection
	GlobalSection(ExtensibilityGlobals) = postSolution
		SolutionGuid = {42A9983B-08CE-4928-9C30-0C48883CA135}
	EndGlobalSection
EndGlobal
